
Microsoft Visual Studio Solution File, Format Version 12.00
# Visual Studio Version 17
VisualStudioVersion = 17.0.31919.166
MinimumVisualStudioVersion = 10.0.40219.1
Project("{FAE04EC0-301F-11D3-BF4B-00C04F79EFBC}") = "SendCV", "SendCV\SendCV.csproj", "{D9B63FBA-C9E8-4C02-9DCA-D3A66CEC7BE8}"
EndProject
Global
	GlobalSection(SolutionConfigurationPlatforms) = preSolution
		Debug|Any CPU = Debug|Any CPU
		Release|Any CPU = Release|Any CPU
	EndGlobalSection
	GlobalSection(ProjectConfigurationPlatforms) = postSolution
		{D9B63FBA-C9E8-4C02-9DCA-D3A66CEC7BE8}.Debug|Any CPU.ActiveCfg = Debug|Any CPU
		{D9B63FBA-C9E8-4C02-9DCA-D3A66CEC7BE8}.Debug|Any CPU.Build.0 = Debug|Any CPU
		{D9B63FBA-C9E8-4C02-9DCA-D3A66CEC7BE8}.Release|Any CPU.ActiveCfg = Release|Any CPU
		{D9B63FBA-C9E8-4C02-9DCA-D3A66CEC7BE8}.Release|Any CPU.Build.0 = Release|Any CPU
	EndGlobalSection
	GlobalSection(SolutionProperties) = preSolution
		HideSolutionNode = FALSE
	EndGlobalSection
	GlobalSection(ExtensibilityGlobals) = postSolution
		SolutionGuid = {DE9C35E4-B42E-442A-A111-84026CDE06AB}
	EndGlobalSection
EndGlobal
